
Microsoft Visual Studio Solution File, Format Version 12.00
# Visual Studio Version 17
VisualStudioVersion = 17.10.35122.118
MinimumVisualStudioVersion = 10.0.40219.1
Project("{FAE04EC0-301F-11D3-BF4B-00C04F79EFBC}") = "OOP1", "OOP1.csproj", "{C1613825-6757-44C5-A193-671E757E4224}"
EndProject
Global
	GlobalSection(SolutionConfigurationPlatforms) = preSolution
		Debug|Any CPU = Debug|Any CPU
		Release|Any CPU = Release|Any CPU
	EndGlobalSection
	GlobalSection(ProjectConfigurationPlatforms) = postSolution
		{C1613825-6757-44C5-A193-671E757E4224}.Debug|Any CPU.ActiveCfg = Debug|Any CPU
		{C1613825-6757-44C5-A193-671E757E4224}.Debug|Any CPU.Build.0 = Debug|Any CPU
		{C1613825-6757-44C5-A193-671E757E4224}.Release|Any CPU.ActiveCfg = Release|Any CPU
		{C1613825-6757-44C5-A193-671E757E4224}.Release|Any CPU.Build.0 = Release|Any CPU
	EndGlobalSection
	GlobalSection(SolutionProperties) = preSolution
		HideSolutionNode = FALSE
	EndGlobalSection
	GlobalSection(ExtensibilityGlobals) = postSolution
		SolutionGuid = {654DE61B-1D46-4320-9A3D-27B81C12C504}
	EndGlobalSection
EndGlobal
